// !$*UTF8*$!
{
	archiveVersion = 1;
	classes = {
	};
	objectVersion = 46;
	objects = {

/* Begin PBXBuildFile section */
		520795701DE82B0C007AA203 /* main.m in Sources */ = {isa = PBXBuildFile; fileRef = 5207956F1DE82B0C007AA203 /* main.m */; };
		520795731DE82B0C007AA203 /* AppDelegate.m in Sources */ = {isa = PBXBuildFile; fileRef = 520795721DE82B0C007AA203 /* AppDelegate.m */; };
		520795761DE82B0C007AA203 /* ViewController.m in Sources */ = {isa = PBXBuildFile; fileRef = 520795751DE82B0C007AA203 /* ViewController.m */; };
		520795791DE82B0C007AA203 /* Main.storyboard in Resources */ = {isa = PBXBuildFile; fileRef = 520795771DE82B0C007AA203 /* Main.storyboard */; };
		5207957B1DE82B0C007AA203 /* Assets.xcassets in Resources */ = {isa = PBXBuildFile; fileRef = 5207957A1DE82B0C007AA203 /* Assets.xcassets */; };
		5207957E1DE82B0C007AA203 /* LaunchScreen.storyboard in Resources */ = {isa = PBXBuildFile; fileRef = 5207957C1DE82B0C007AA203 /* LaunchScreen.storyboard */; };
		520795871DE82C0F007AA203 /* TableViewCell.m in Sources */ = {isa = PBXBuildFile; fileRef = 520795861DE82C0F007AA203 /* TableViewCell.m */; };
		5207958A1DE82C99007AA203 /* NumberSlider.m in Sources */ = {isa = PBXBuildFile; fileRef = 520795891DE82C99007AA203 /* NumberSlider.m */; };
		5207958C1DE83A7F007AA203 /* tips_bg.png in Resources */ = {isa = PBXBuildFile; fileRef = 5207958B1DE83A7F007AA203 /* tips_bg.png */; };
		5207958F1DE83ADE007AA203 /* TipsView.m in Sources */ = {isa = PBXBuildFile; fileRef = 5207958E1DE83ADE007AA203 /* TipsView.m */; };
/* End PBXBuildFile section */

/* Begin PBXFileReference section */
		5207956B1DE82B0C007AA203 /* 自定义提示放大的滑块.app */ = {isa = PBXFileReference; explicitFileType = wrapper.application; includeInIndex = 0; path = "自定义提示放大的滑块.app"; sourceTree = BUILT_PRODUCTS_DIR; };
		5207956F1DE82B0C007AA203 /* main.m */ = {isa = PBXFileReference; lastKnownFileType = sourcecode.c.objc; path = main.m; sourceTree = "<group>"; };
		520795711DE82B0C007AA203 /* AppDelegate.h */ = {isa = PBXFileReference; lastKnownFileType = sourcecode.c.h; path = AppDelegate.h; sourceTree = "<group>"; };
		520795721DE82B0C007AA203 /* AppDelegate.m */ = {isa = PBXFileReference; lastKnownFileType = sourcecode.c.objc; path = AppDelegate.m; sourceTree = "<group>"; };
		520795741DE82B0C007AA203 /* ViewController.h */ = {isa = PBXFileReference; lastKnownFileType = sourcecode.c.h; path = ViewController.h; sourceTree = "<group>"; };
		520795751DE82B0C007AA203 /* ViewController.m */ = {isa = PBXFileReference; lastKnownFileType = sourcecode.c.objc; path = ViewController.m; sourceTree = "<group>"; };
		520795781DE82B0C007AA203 /* Base */ = {isa = PBXFileReference; lastKnownFileType = file.storyboard; name = Base; path = Base.lproj/Main.storyboard; sourceTree = "<group>"; };
		5207957A1DE82B0C007AA203 /* Assets.xcassets */ = {isa = PBXFileReference; lastKnownFileType = folder.assetcatalog; path = Assets.xcassets; sourceTree = "<group>"; };
		5207957D1DE82B0C007AA203 /* Base */ = {isa = PBXFileReference; lastKnownFileType = file.storyboard; name = Base; path = Base.lproj/LaunchScreen.storyboard; sourceTree = "<group>"; };
		5207957F1DE82B0C007AA203 /* Info.plist */ = {isa = PBXFileReference; lastKnownFileType = text.plist.xml; path = Info.plist; sourceTree = "<group>"; };
		520795851DE82C0F007AA203 /* TableViewCell.h */ = {isa = PBXFileReference; fileEncoding = 4; lastKnownFileType = sourcecode.c.h; path = TableViewCell.h; sourceTree = "<group>"; };
		520795861DE82C0F007AA203 /* TableViewCell.m */ = {isa = PBXFileReference; fileEncoding = 4; lastKnownFileType = sourcecode.c.objc; path = TableViewCell.m; sourceTree = "<group>"; };
		520795881DE82C99007AA203 /* NumberSlider.h */ = {isa = PBXFileReference; fileEncoding = 4; lastKnownFileType = sourcecode.c.h; path = NumberSlider.h; sourceTree = "<group>"; };
		520795891DE82C99007AA203 /* NumberSlider.m */ = {isa = PBXFileReference; fileEncoding = 4; lastKnownFileType = sourcecode.c.objc; path = NumberSlider.m; sourceTree = "<group>"; };
		5207958B1DE83A7F007AA203 /* tips_bg.png */ = {isa = PBXFileReference; lastKnownFileType = image.png; path = tips_bg.png; sourceTree = "<group>"; };
		5207958D1DE83ADE007AA203 /* TipsView.h */ = {isa = PBXFileReference; fileEncoding = 4; lastKnownFileType = sourcecode.c.h; path = TipsView.h; sourceTree = "<group>"; };
		5207958E1DE83ADE007AA203 /* TipsView.m */ = {isa = PBXFileReference; fileEncoding = 4; lastKnownFileType = sourcecode.c.objc; path = TipsView.m; sourceTree = "<group>"; };
/* End PBXFileReference section */

/* Begin PBXFrameworksBuildPhase section */
		520795681DE82B0C007AA203 /* Frameworks */ = {
			isa = PBXFrameworksBuildPhase;
			buildActionMask = 2147483647;
			files = (
			);
			runOnlyForDeploymentPostprocessing = 0;
		};
/* End PBXFrameworksBuildPhase section */

/* Begin PBXGroup section */
		520795621DE82B0C007AA203 = {
			isa = PBXGroup;
			children = (
				5207958D1DE83ADE007AA203 /* TipsView.h */,
				5207958E1DE83ADE007AA203 /* TipsView.m */,
				5207958B1DE83A7F007AA203 /* tips_bg.png */,
				520795881DE82C99007AA203 /* NumberSlider.h */,
				520795891DE82C99007AA203 /* NumberSlider.m */,
				5207956D1DE82B0C007AA203 /* 自定义提示放大的滑块 */,
				5207956C1DE82B0C007AA203 /* Products */,
			);
			sourceTree = "<group>";
		};
		5207956C1DE82B0C007AA203 /* Products */ = {
			isa = PBXGroup;
			children = (
				5207956B1DE82B0C007AA203 /* 自定义提示放大的滑块.app */,
			);
			name = Products;
			sourceTree = "<group>";
		};
		5207956D1DE82B0C007AA203 /* 自定义提示放大的滑块 */ = {
			isa = PBXGroup;
			children = (
				520795711DE82B0C007AA203 /* AppDelegate.h */,
				520795721DE82B0C007AA203 /* AppDelegate.m */,
				520795741DE82B0C007AA203 /* ViewController.h */,
				520795751DE82B0C007AA203 /* ViewController.m */,
				520795851DE82C0F007AA203 /* TableViewCell.h */,
				520795861DE82C0F007AA203 /* TableViewCell.m */,
				520795771DE82B0C007AA203 /* Main.storyboard */,
				5207957A1DE82B0C007AA203 /* Assets.xcassets */,
				5207957C1DE82B0C007AA203 /* LaunchScreen.storyboard */,
				5207957F1DE82B0C007AA203 /* Info.plist */,
				5207956E1DE82B0C007AA203 /* Supporting Files */,
			);
			path = "自定义提示放大的滑块";
			sourceTree = "<group>";
		};
		5207956E1DE82B0C007AA203 /* Supporting Files */ = {
			isa = PBXGroup;
			children = (
				5207956F1DE82B0C007AA203 /* main.m */,
			);
			name = "Supporting Files";
			sourceTree = "<group>";
		};
/* End PBXGroup section */

/* Begin PBXNativeTarget section */
		5207956A1DE82B0C007AA203 /* 自定义提示放大的滑块 */ = {
			isa = PBXNativeTarget;
			buildConfigurationList = 520795821DE82B0C007AA203 /* Build configuration list for PBXNativeTarget "自定义提示放大的滑块" */;
			buildPhases = (
				520795671DE82B0C007AA203 /* Sources */,
				520795681DE82B0C007AA203 /* Frameworks */,
				520795691DE82B0C007AA203 /* Resources */,
			);
			buildRules = (
			);
			dependencies = (
			);
			name = "自定义提示放大的滑块";
			productName = "自定义提示放大的滑块";
			productReference = 5207956B1DE82B0C007AA203 /* 自定义提示放大的滑块.app */;
			productType = "com.apple.product-type.application";
		};
/* End PBXNativeTarget section */

/* Begin PBXProject section */
		520795631DE82B0C007AA203 /* Project object */ = {
			isa = PBXProject;
			attributes = {
				LastUpgradeCheck = 0810;
				ORGANIZATIONNAME = "思久科技";
				TargetAttributes = {
					5207956A1DE82B0C007AA203 = {
						CreatedOnToolsVersion = 8.1;
						DevelopmentTeam = LV9N6Q8MDS;
						ProvisioningStyle = Automatic;
					};
				};
			};
			buildConfigurationList = 520795661DE82B0C007AA203 /* Build configuration list for PBXProject "自定义提示放大的滑块" */;
			compatibilityVersion = "Xcode 3.2";
			developmentRegion = English;
			hasScannedForEncodings = 0;
			knownRegions = (
				en,
				Base,
			);
			mainGroup = 520795621DE82B0C007AA203;
			productRefGroup = 5207956C1DE82B0C007AA203 /* Products */;
			projectDirPath = "";
			projectRoot = "";
			targets = (
				5207956A1DE82B0C007AA203 /* 自定义提示放大的滑块 */,
			);
		};
/* End PBXProject section */

/* Begin PBXResourcesBuildPhase section */
		520795691DE82B0C007AA203 /* Resources */ = {
			isa = PBXResourcesBuildPhase;
			buildActionMask = 2147483647;
			files = (
				5207958C1DE83A7F007AA203 /* tips_bg.png in Resources */,
				5207957E1DE82B0C007AA203 /* LaunchScreen.storyboard in Resources */,
				5207957B1DE82B0C007AA203 /* Assets.xcassets in Resources */,
				520795791DE82B0C007AA203 /* Main.storyboard in Resources */,
			);
			runOnlyForDeploymentPostprocessing = 0;
		};
/* End PBXResourcesBuildPhase section */

/* Begin PBXSourcesBuildPhase section */
		520795671DE82B0C007AA203 /* Sources */ = {
			isa = PBXSourcesBuildPhase;
			buildActionMask = 2147483647;
			files = (
				520795761DE82B0C007AA203 /* ViewController.m in Sources */,
				520795871DE82C0F007AA203 /* TableViewCell.m in Sources */,
				520795731DE82B0C007AA203 /* AppDelegate.m in Sources */,
				5207958A1DE82C99007AA203 /* NumberSlider.m in Sources */,
				5207958F1DE83ADE007AA203 /* TipsView.m in Sources */,
				520795701DE82B0C007AA203 /* main.m in Sources */,
			);
			runOnlyForDeploymentPostprocessing = 0;
		};
/* End PBXSourcesBuildPhase section */

/* Begin PBXVariantGroup section */
		520795771DE82B0C007AA203 /* Main.storyboard */ = {
			isa = PBXVariantGroup;
			children = (
				520795781DE82B0C007AA203 /* Base */,
			);
			name = Main.storyboard;
			sourceTree = "<group>";
		};
		5207957C1DE82B0C007AA203 /* LaunchScreen.storyboard */ = {
			isa = PBXVariantGroup;
			children = (
				5207957D1DE82B0C007AA203 /* Base */,
			);
			name = LaunchScreen.storyboard;
			sourceTree = "<group>";
		};
/* End PBXVariantGroup section */

/* Begin XCBuildConfiguration section */
		520795801DE82B0C007AA203 /* Debug */ = {
			isa = XCBuildConfiguration;
			buildSettings = {
				ALWAYS_SEARCH_USER_PATHS = NO;
				CLANG_ANALYZER_NONNULL = YES;
				CLANG_CXX_LANGUAGE_STANDARD = "gnu++0x";
				CLANG_CXX_LIBRARY = "libc++";
				CLANG_ENABLE_MODULES = YES;
				CLANG_ENABLE_OBJC_ARC = YES;
				CLANG_WARN_BOOL_CONVERSION = YES;
				CLANG_WARN_CONSTANT_CONVERSION = YES;
				CLANG_WARN_DIRECT_OBJC_ISA_USAGE = YES_ERROR;
				CLANG_WARN_DOCUMENTATION_COMMENTS = YES;
				CLANG_WARN_EMPTY_BODY = YES;
				CLANG_WARN_ENUM_CONVERSION = YES;
				CLANG_WARN_INFINITE_RECURSION = YES;
				CLANG_WARN_INT_CONVERSION = YES;
				CLANG_WARN_OBJC_ROOT_CLASS = YES_ERROR;
				CLANG_WARN_SUSPICIOUS_MOVES = YES;
				CLANG_WARN_UNREACHABLE_CODE = YES;
				CLANG_WARN__DUPLICATE_METHOD_MATCH = YES;
				"CODE_SIGN_IDENTITY[sdk=iphoneos*]" = "iPhone Developer";
				COPY_PHASE_STRIP = NO;
				DEBUG_INFORMATION_FORMAT = dwarf;
				ENABLE_STRICT_OBJC_MSGSEND = YES;
				ENABLE_TESTABILITY = YES;
				GCC_C_LANGUAGE_STANDARD = gnu99;
				GCC_DYNAMIC_NO_PIC = NO;
				GCC_NO_COMMON_BLOCKS = YES;
				GCC_OPTIMIZATION_LEVEL = 0;
				GCC_PREPROCESSOR_DEFINITIONS = (
					"DEBUG=1",
					"$(inherited)",
				);
				GCC_WARN_64_TO_32_BIT_CONVERSION = YES;
				GCC_WARN_ABOUT_RETURN_TYPE = YES_ERROR;
				GCC_WARN_UNDECLARED_SELECTOR = YES;
				GCC_WARN_UNINITIALIZED_AUTOS = YES_AGGRESSIVE;
				GCC_WARN_UNUSED_FUNCTION = YES;
				GCC_WARN_UNUSED_VARIABLE = YES;
				IPHONEOS_DEPLOYMENT_TARGET = 8.0;
				MTL_ENABLE_DEBUG_INFO = YES;
				ONLY_ACTIVE_ARCH = YES;
				SDKROOT = iphoneos;
			};
			name = Debug;
		};
		520795811DE82B0C007AA203 /* Release */ = {
			isa = XCBuildConfiguration;
			buildSettings = {
				ALWAYS_SEARCH_USER_PATHS = NO;
				CLANG_ANALYZER_NONNULL = YES;
				CLANG_CXX_LANGUAGE_STANDARD = "gnu++0x";
				CLANG_CXX_LIBRARY = "libc++";
				CLANG_ENABLE_MODULES = YES;
				CLANG_ENABLE_OBJC_ARC = YES;
				CLANG_WARN_BOOL_CONVERSION = YES;
				CLANG_WARN_CONSTANT_CONVERSION = YES;
				CLANG_WARN_DIRECT_OBJC_ISA_USAGE = YES_ERROR;
				CLANG_WARN_DOCUMENTATION_COMMENTS = YES;
				CLANG_WARN_EMPTY_BODY = YES;
				CLANG_WARN_ENUM_CONVERSION = YES;
				CLANG_WARN_INFINITE_RECURSION = YES;
				CLANG_WARN_INT_CONVERSION = YES;
				CLANG_WARN_OBJC_ROOT_CLASS = YES_ERROR;
				CLANG_WARN_SUSPICIOUS_MOVES = YES;
				CLANG_WARN_UNREACHABLE_CODE = YES;
				CLANG_WARN__DUPLICATE_METHOD_MATCH = YES;
				"CODE_SIGN_IDENTITY[sdk=iphoneos*]" = "iPhone Developer";
				COPY_PHASE_STRIP = NO;
				DEBUG_INFORMATION_FORMAT = "dwarf-with-dsym";
				ENABLE_NS_ASSERTIONS = NO;
				ENABLE_STRICT_OBJC_MSGSEND = YES;
				GCC_C_LANGUAGE_STANDARD = gnu99;
				GCC_NO_COMMON_BLOCKS = YES;
				GCC_WARN_64_TO_32_BIT_CONVERSION = YES;
				GCC_WARN_ABOUT_RETURN_TYPE = YES_ERROR;
				GCC_WARN_UNDECLARED_SELECTOR = YES;
				GCC_WARN_UNINITIALIZED_AUTOS = YES_AGGRESSIVE;
				GCC_WARN_UNUSED_FUNCTION = YES;
				GCC_WARN_UNUSED_VARIABLE = YES;
				IPHONEOS_DEPLOYMENT_TARGET = 8.0;
				MTL_ENABLE_DEBUG_INFO = NO;
				SDKROOT = iphoneos;
				VALIDATE_PRODUCT = YES;
			};
			name = Release;
		};
		520795831DE82B0C007AA203 /* Debug */ = {
			isa = XCBuildConfiguration;
			buildSettings = {
				ASSETCATALOG_COMPILER_APPICON_NAME = AppIcon;
				DEVELOPMENT_TEAM = LV9N6Q8MDS;
				INFOPLIST_FILE = "自定义提示放大的滑块/Info.plist";
				IPHONEOS_DEPLOYMENT_TARGET = 8.0;
				LD_RUNPATH_SEARCH_PATHS = "$(inherited) @executable_path/Frameworks";
				PRODUCT_BUNDLE_IDENTIFIER = com.seejoys.CustomSlider;
				PRODUCT_NAME = "$(TARGET_NAME)";
			};
			name = Debug;
		};
		520795841DE82B0C007AA203 /* Release */ = {
			isa = XCBuildConfiguration;
			buildSettings = {
				ASSETCATALOG_COMPILER_APPICON_NAME = AppIcon;
				DEVELOPMENT_TEAM = LV9N6Q8MDS;
				INFOPLIST_FILE = "自定义提示放大的滑块/Info.plist";
				IPHONEOS_DEPLOYMENT_TARGET = 8.0;
				LD_RUNPATH_SEARCH_PATHS = "$(inherited) @executable_path/Frameworks";
				PRODUCT_BUNDLE_IDENTIFIER = com.seejoys.CustomSlider;
				PRODUCT_NAME = "$(TARGET_NAME)";
			};
			name = Release;
		};
/* End XCBuildConfiguration section */

/* Begin XCConfigurationList section */
		520795661DE82B0C007AA203 /* Build configuration list for PBXProject "自定义提示放大的滑块" */ = {
			isa = XCConfigurationList;
			buildConfigurations = (
				520795801DE82B0C007AA203 /* Debug */,
				520795811DE82B0C007AA203 /* Release */,
			);
			defaultConfigurationIsVisible = 0;
			defaultConfigurationName = Release;
		};
		520795821DE82B0C007AA203 /* Build configuration list for PBXNativeTarget "自定义提示放大的滑块" */ = {
			isa = XCConfigurationList;
			buildConfigurations = (
				520795831DE82B0C007AA203 /* Debug */,
				520795841DE82B0C007AA203 /* Release */,
			);
			defaultConfigurationIsVisible = 0;
		};
/* End XCConfigurationList section */
	};
	rootObject = 520795631DE82B0C007AA203 /* Project object */;
}
